// !$*UTF8*$!
{
	archiveVersion = 1;
	classes = {
	};
	objectVersion = 55;
	objects = {

/* Begin PBXBuildFile section */
		20057EA7281FBD3B00CB0112 /* Twitter_CloneApp.swift in Sources */ = {isa = PBXBuildFile; fileRef = 20057EA6281FBD3B00CB0112 /* Twitter_CloneApp.swift */; };
		20057EA9281FBD3B00CB0112 /* ContentView.swift in Sources */ = {isa = PBXBuildFile; fileRef = 20057EA8281FBD3B00CB0112 /* ContentView.swift */; };
		20057EAB281FBD3E00CB0112 /* Assets.xcassets in Resources */ = {isa = PBXBuildFile; fileRef = 20057EAA281FBD3E00CB0112 /* Assets.xcassets */; };
		20057EAE281FBD3E00CB0112 /* Preview Assets.xcassets in Resources */ = {isa = PBXBuildFile; fileRef = 20057EAD281FBD3E00CB0112 /* Preview Assets.xcassets */; };
		20057EBF281FBE5900CB0112 /* FeedView.swift in Sources */ = {isa = PBXBuildFile; fileRef = 20057EBE281FBE5900CB0112 /* FeedView.swift */; };
		207713EE283E0A7900AA1AD5 /* TweetRowView.swift in Sources */ = {isa = PBXBuildFile; fileRef = 207713ED283E0A7900AA1AD5 /* TweetRowView.swift */; };
/* End PBXBuildFile section */

/* Begin PBXFileReference section */
		20057EA3281FBD3B00CB0112 /* Twitter_Clone.app */ = {isa = PBXFileReference; explicitFileType = wrapper.application; includeInIndex = 0; path = Twitter_Clone.app; sourceTree = BUILT_PRODUCTS_DIR; };
		20057EA6281FBD3B00CB0112 /* Twitter_CloneApp.swift */ = {isa = PBXFileReference; lastKnownFileType = sourcecode.swift; path = Twitter_CloneApp.swift; sourceTree = "<group>"; };
		20057EA8281FBD3B00CB0112 /* ContentView.swift */ = {isa = PBXFileReference; lastKnownFileType = sourcecode.swift; path = ContentView.swift; sourceTree = "<group>"; };
		20057EAA281FBD3E00CB0112 /* Assets.xcassets */ = {isa = PBXFileReference; lastKnownFileType = folder.assetcatalog; path = Assets.xcassets; sourceTree = "<group>"; };
		20057EAD281FBD3E00CB0112 /* Preview Assets.xcassets */ = {isa = PBXFileReference; lastKnownFileType = folder.assetcatalog; path = "Preview Assets.xcassets"; sourceTree = "<group>"; };
		20057EBE281FBE5900CB0112 /* FeedView.swift */ = {isa = PBXFileReference; lastKnownFileType = sourcecode.swift; path = FeedView.swift; sourceTree = "<group>"; };
		207713ED283E0A7900AA1AD5 /* TweetRowView.swift */ = {isa = PBXFileReference; lastKnownFileType = sourcecode.swift; path = TweetRowView.swift; sourceTree = "<group>"; };
/* End PBXFileReference section */

/* Begin PBXFrameworksBuildPhase section */
		20057EA0281FBD3B00CB0112 /* Frameworks */ = {
			isa = PBXFrameworksBuildPhase;
			buildActionMask = 2147483647;
			files = (
			);
			runOnlyForDeploymentPostprocessing = 0;
		};
/* End PBXFrameworksBuildPhase section */

/* Begin PBXGroup section */
		20057E9A281FBD3B00CB0112 = {
			isa = PBXGroup;
			children = (
				20057EA5281FBD3B00CB0112 /* Twitter_Clone */,
				20057EA4281FBD3B00CB0112 /* Products */,
			);
			sourceTree = "<group>";
		};
		20057EA4281FBD3B00CB0112 /* Products */ = {
			isa = PBXGroup;
			children = (
				20057EA3281FBD3B00CB0112 /* Twitter_Clone.app */,
			);
			name = Products;
			sourceTree = "<group>";
		};
		20057EA5281FBD3B00CB0112 /* Twitter_Clone */ = {
			isa = PBXGroup;
			children = (
				20057EB9281FBD9D00CB0112 /* Extensions */,
				20057EB8281FBD9900CB0112 /* Model */,
				20057EB7281FBD9300CB0112 /* Service */,
				20057EB4281FBD7900CB0112 /* Core */,
				20057EA6281FBD3B00CB0112 /* Twitter_CloneApp.swift */,
				20057EA8281FBD3B00CB0112 /* ContentView.swift */,
				20057EAA281FBD3E00CB0112 /* Assets.xcassets */,
				20057EAC281FBD3E00CB0112 /* Preview Content */,
			);
			path = Twitter_Clone;
			sourceTree = "<group>";
		};
		20057EAC281FBD3E00CB0112 /* Preview Content */ = {
			isa = PBXGroup;
			children = (
				20057EAD281FBD3E00CB0112 /* Preview Assets.xcassets */,
			);
			path = "Preview Content";
			sourceTree = "<group>";
		};
		20057EB4281FBD7900CB0112 /* Core */ = {
			isa = PBXGroup;
			children = (
				20057EBA281FBDBC00CB0112 /* Components */,
				20057EBB281FBDC500CB0112 /* Feed */,
			);
			path = Core;
			sourceTree = "<group>";
		};
		20057EB7281FBD9300CB0112 /* Service */ = {
			isa = PBXGroup;
			children = (
			);
			path = Service;
			sourceTree = "<group>";
		};
		20057EB8281FBD9900CB0112 /* Model */ = {
			isa = PBXGroup;
			children = (
			);
			path = Model;
			sourceTree = "<group>";
		};
		20057EB9281FBD9D00CB0112 /* Extensions */ = {
			isa = PBXGroup;
			children = (
			);
			path = Extensions;
			sourceTree = "<group>";
		};
		20057EBA281FBDBC00CB0112 /* Components */ = {
			isa = PBXGroup;
			children = (
				207713EC283E0A5800AA1AD5 /* Tweets */,
			);
			path = Components;
			sourceTree = "<group>";
		};
		20057EBB281FBDC500CB0112 /* Feed */ = {
			isa = PBXGroup;
			children = (
				20057EBD281FBE3800CB0112 /* View */,
				20057EBC281FBE2D00CB0112 /* ViewModels */,
			);
			path = Feed;
			sourceTree = "<group>";
		};
		20057EBC281FBE2D00CB0112 /* ViewModels */ = {
			isa = PBXGroup;
			children = (
			);
			path = ViewModels;
			sourceTree = "<group>";
		};
		20057EBD281FBE3800CB0112 /* View */ = {
			isa = PBXGroup;
			children = (
				20057EBE281FBE5900CB0112 /* FeedView.swift */,
			);
			path = View;
			sourceTree = "<group>";
		};
		207713EC283E0A5800AA1AD5 /* Tweets */ = {
			isa = PBXGroup;
			children = (
				207713ED283E0A7900AA1AD5 /* TweetRowView.swift */,
			);
			path = Tweets;
			sourceTree = "<group>";
		};
/* End PBXGroup section */

/* Begin PBXNativeTarget section */
		20057EA2281FBD3B00CB0112 /* Twitter_Clone */ = {
			isa = PBXNativeTarget;
			buildConfigurationList = 20057EB1281FBD3E00CB0112 /* Build configuration list for PBXNativeTarget "Twitter_Clone" */;
			buildPhases = (
				20057E9F281FBD3B00CB0112 /* Sources */,
				20057EA0281FBD3B00CB0112 /* Frameworks */,
				20057EA1281FBD3B00CB0112 /* Resources */,
			);
			buildRules = (
			);
			dependencies = (
			);
			name = Twitter_Clone;
			productName = Twitter_Clone;
			productReference = 20057EA3281FBD3B00CB0112 /* Twitter_Clone.app */;
			productType = "com.apple.product-type.application";
		};
/* End PBXNativeTarget section */

/* Begin PBXProject section */
		20057E9B281FBD3B00CB0112 /* Project object */ = {
			isa = PBXProject;
			attributes = {
				BuildIndependentTargetsInParallel = 1;
				LastSwiftUpdateCheck = 1320;
				LastUpgradeCheck = 1320;
				TargetAttributes = {
					20057EA2281FBD3B00CB0112 = {
						CreatedOnToolsVersion = 13.2.1;
					};
				};
			};
			buildConfigurationList = 20057E9E281FBD3B00CB0112 /* Build configuration list for PBXProject "Twitter_Clone" */;
			compatibilityVersion = "Xcode 13.0";
			developmentRegion = en;
			hasScannedForEncodings = 0;
			knownRegions = (
				en,
				Base,
			);
			mainGroup = 20057E9A281FBD3B00CB0112;
			productRefGroup = 20057EA4281FBD3B00CB0112 /* Products */;
			projectDirPath = "";
			projectRoot = "";
			targets = (
				20057EA2281FBD3B00CB0112 /* Twitter_Clone */,
			);
		};
/* End PBXProject section */

/* Begin PBXResourcesBuildPhase section */
		20057EA1281FBD3B00CB0112 /* Resources */ = {
			isa = PBXResourcesBuildPhase;
			buildActionMask = 2147483647;
			files = (
				20057EAE281FBD3E00CB0112 /* Preview Assets.xcassets in Resources */,
				20057EAB281FBD3E00CB0112 /* Assets.xcassets in Resources */,
			);
			runOnlyForDeploymentPostprocessing = 0;
		};
/* End PBXResourcesBuildPhase section */

/* Begin PBXSourcesBuildPhase section */
		20057E9F281FBD3B00CB0112 /* Sources */ = {
			isa = PBXSourcesBuildPhase;
			buildActionMask = 2147483647;
			files = (
				20057EA9281FBD3B00CB0112 /* ContentView.swift in Sources */,
				207713EE283E0A7900AA1AD5 /* TweetRowView.swift in Sources */,
				20057EBF281FBE5900CB0112 /* FeedView.swift in Sources */,
				20057EA7281FBD3B00CB0112 /* Twitter_CloneApp.swift in Sources */,
			);
			runOnlyForDeploymentPostprocessing = 0;
		};
/* End PBXSourcesBuildPhase section */

/* Begin XCBuildConfiguration section */
		20057EAF281FBD3E00CB0112 /* Debug */ = {
			isa = XCBuildConfiguration;
			buildSettings = {
				ALWAYS_SEARCH_USER_PATHS = NO;
				CLANG_ANALYZER_NONNULL = YES;
				CLANG_ANALYZER_NUMBER_OBJECT_CONVERSION = YES_AGGRESSIVE;
				CLANG_CXX_LANGUAGE_STANDARD = "gnu++17";
				CLANG_CXX_LIBRARY = "libc++";
				CLANG_ENABLE_MODULES = YES;
				CLANG_ENABLE_OBJC_ARC = YES;
				CLANG_ENABLE_OBJC_WEAK = YES;
				CLANG_WARN_BLOCK_CAPTURE_AUTORELEASING = YES;
				CLANG_WARN_BOOL_CONVERSION = YES;
				CLANG_WARN_COMMA = YES;
				CLANG_WARN_CONSTANT_CONVERSION = YES;
				CLANG_WARN_DEPRECATED_OBJC_IMPLEMENTATIONS = YES;
				CLANG_WARN_DIRECT_OBJC_ISA_USAGE = YES_ERROR;
				CLANG_WARN_DOCUMENTATION_COMMENTS = YES;
				CLANG_WARN_EMPTY_BODY = YES;
				CLANG_WARN_ENUM_CONVERSION = YES;
				CLANG_WARN_INFINITE_RECURSION = YES;
				CLANG_WARN_INT_CONVERSION = YES;
				CLANG_WARN_NON_LITERAL_NULL_CONVERSION = YES;
				CLANG_WARN_OBJC_IMPLICIT_RETAIN_SELF = YES;
				CLANG_WARN_OBJC_LITERAL_CONVERSION = YES;
				CLANG_WARN_OBJC_ROOT_CLASS = YES_ERROR;
				CLANG_WARN_QUOTED_INCLUDE_IN_FRAMEWORK_HEADER = YES;
				CLANG_WARN_RANGE_LOOP_ANALYSIS = YES;
				CLANG_WARN_STRICT_PROTOTYPES = YES;
				CLANG_WARN_SUSPICIOUS_MOVE = YES;
				CLANG_WARN_UNGUARDED_AVAILABILITY = YES_AGGRESSIVE;
				CLANG_WARN_UNREACHABLE_CODE = YES;
				CLANG_WARN__DUPLICATE_METHOD_MATCH = YES;
				COPY_PHASE_STRIP = NO;
				DEBUG_INFORMATION_FORMAT = dwarf;
				ENABLE_STRICT_OBJC_MSGSEND = YES;
				ENABLE_TESTABILITY = YES;
				GCC_C_LANGUAGE_STANDARD = gnu11;
				GCC_DYNAMIC_NO_PIC = NO;
				GCC_NO_COMMON_BLOCKS = YES;
				GCC_OPTIMIZATION_LEVEL = 0;
				GCC_PREPROCESSOR_DEFINITIONS = (
					"DEBUG=1",
					"$(inherited)",
				);
				GCC_WARN_64_TO_32_BIT_CONVERSION = YES;
				GCC_WARN_ABOUT_RETURN_TYPE = YES_ERROR;
				GCC_WARN_UNDECLARED_SELECTOR = YES;
				GCC_WARN_UNINITIALIZED_AUTOS = YES_AGGRESSIVE;
				GCC_WARN_UNUSED_FUNCTION = YES;
				GCC_WARN_UNUSED_VARIABLE = YES;
				IPHONEOS_DEPLOYMENT_TARGET = 15.2;
				MTL_ENABLE_DEBUG_INFO = INCLUDE_SOURCE;
				MTL_FAST_MATH = YES;
				ONLY_ACTIVE_ARCH = YES;
				SDKROOT = iphoneos;
				SWIFT_ACTIVE_COMPILATION_CONDITIONS = DEBUG;
				SWIFT_OPTIMIZATION_LEVEL = "-Onone";
			};
			name = Debug;
		};
		20057EB0281FBD3E00CB0112 /* Release */ = {
			isa = XCBuildConfiguration;
			buildSettings = {
				ALWAYS_SEARCH_USER_PATHS = NO;
				CLANG_ANALYZER_NONNULL = YES;
				CLANG_ANALYZER_NUMBER_OBJECT_CONVERSION = YES_AGGRESSIVE;
				CLANG_CXX_LANGUAGE_STANDARD = "gnu++17";
				CLANG_CXX_LIBRARY = "libc++";
				CLANG_ENABLE_MODULES = YES;
				CLANG_ENABLE_OBJC_ARC = YES;
				CLANG_ENABLE_OBJC_WEAK = YES;
				CLANG_WARN_BLOCK_CAPTURE_AUTORELEASING = YES;
				CLANG_WARN_BOOL_CONVERSION = YES;
				CLANG_WARN_COMMA = YES;
				CLANG_WARN_CONSTANT_CONVERSION = YES;
				CLANG_WARN_DEPRECATED_OBJC_IMPLEMENTATIONS = YES;
				CLANG_WARN_DIRECT_OBJC_ISA_USAGE = YES_ERROR;
				CLANG_WARN_DOCUMENTATION_COMMENTS = YES;
				CLANG_WARN_EMPTY_BODY = YES;
				CLANG_WARN_ENUM_CONVERSION = YES;
				CLANG_WARN_INFINITE_RECURSION = YES;
				CLANG_WARN_INT_CONVERSION = YES;
				CLANG_WARN_NON_LITERAL_NULL_CONVERSION = YES;
				CLANG_WARN_OBJC_IMPLICIT_RETAIN_SELF = YES;
				CLANG_WARN_OBJC_LITERAL_CONVERSION = YES;
				CLANG_WARN_OBJC_ROOT_CLASS = YES_ERROR;
				CLANG_WARN_QUOTED_INCLUDE_IN_FRAMEWORK_HEADER = YES;
				CLANG_WARN_RANGE_LOOP_ANALYSIS = YES;
				CLANG_WARN_STRICT_PROTOTYPES = YES;
				CLANG_WARN_SUSPICIOUS_MOVE = YES;
				CLANG_WARN_UNGUARDED_AVAILABILITY = YES_AGGRESSIVE;
				CLANG_WARN_UNREACHABLE_CODE = YES;
				CLANG_WARN__DUPLICATE_METHOD_MATCH = YES;
				COPY_PHASE_STRIP = NO;
				DEBUG_INFORMATION_FORMAT = "dwarf-with-dsym";
				ENABLE_NS_ASSERTIONS = NO;
				ENABLE_STRICT_OBJC_MSGSEND = YES;
				GCC_C_LANGUAGE_STANDARD = gnu11;
				GCC_NO_COMMON_BLOCKS = YES;
				GCC_WARN_64_TO_32_BIT_CONVERSION = YES;
				GCC_WARN_ABOUT_RETURN_TYPE = YES_ERROR;
				GCC_WARN_UNDECLARED_SELECTOR = YES;
				GCC_WARN_UNINITIALIZED_AUTOS = YES_AGGRESSIVE;
				GCC_WARN_UNUSED_FUNCTION = YES;
				GCC_WARN_UNUSED_VARIABLE = YES;
				IPHONEOS_DEPLOYMENT_TARGET = 15.2;
				MTL_ENABLE_DEBUG_INFO = NO;
				MTL_FAST_MATH = YES;
				SDKROOT = iphoneos;
				SWIFT_COMPILATION_MODE = wholemodule;
				SWIFT_OPTIMIZATION_LEVEL = "-O";
				VALIDATE_PRODUCT = YES;
			};
			name = Release;
		};
		20057EB2281FBD3E00CB0112 /* Debug */ = {
			isa = XCBuildConfiguration;
			buildSettings = {
				ASSETCATALOG_COMPILER_APPICON_NAME = AppIcon;
				ASSETCATALOG_COMPILER_GLOBAL_ACCENT_COLOR_NAME = AccentColor;
				CODE_SIGN_STYLE = Automatic;
				CURRENT_PROJECT_VERSION = 1;
				DEVELOPMENT_ASSET_PATHS = "\"Twitter_Clone/Preview Content\"";
				ENABLE_PREVIEWS = YES;
				GENERATE_INFOPLIST_FILE = YES;
				INFOPLIST_KEY_UIApplicationSceneManifest_Generation = YES;
				INFOPLIST_KEY_UIApplicationSupportsIndirectInputEvents = YES;
				INFOPLIST_KEY_UILaunchScreen_Generation = YES;
				INFOPLIST_KEY_UISupportedInterfaceOrientations_iPad = "UIInterfaceOrientationPortrait UIInterfaceOrientationPortraitUpsideDown UIInterfaceOrientationLandscapeLeft UIInterfaceOrientationLandscapeRight";
				INFOPLIST_KEY_UISupportedInterfaceOrientations_iPhone = "UIInterfaceOrientationPortrait UIInterfaceOrientationLandscapeLeft UIInterfaceOrientationLandscapeRight";
				LD_RUNPATH_SEARCH_PATHS = (
					"$(inherited)",
					"@executable_path/Frameworks",
				);
				MARKETING_VERSION = 1.0;
				PRODUCT_BUNDLE_IDENTIFIER = "com.Noodles.Twitter-Clone";
				PRODUCT_NAME = "$(TARGET_NAME)";
				SWIFT_EMIT_LOC_STRINGS = YES;
				SWIFT_VERSION = 5.0;
				TARGETED_DEVICE_FAMILY = "1,2";
			};
			name = Debug;
		};
		20057EB3281FBD3E00CB0112 /* Release */ = {
			isa = XCBuildConfiguration;
			buildSettings = {
				ASSETCATALOG_COMPILER_APPICON_NAME = AppIcon;
				ASSETCATALOG_COMPILER_GLOBAL_ACCENT_COLOR_NAME = AccentColor;
				CODE_SIGN_STYLE = Automatic;
				CURRENT_PROJECT_VERSION = 1;
				DEVELOPMENT_ASSET_PATHS = "\"Twitter_Clone/Preview Content\"";
				ENABLE_PREVIEWS = YES;
				GENERATE_INFOPLIST_FILE = YES;
				INFOPLIST_KEY_UIApplicationSceneManifest_Generation = YES;
				INFOPLIST_KEY_UIApplicationSupportsIndirectInputEvents = YES;
				INFOPLIST_KEY_UILaunchScreen_Generation = YES;
				INFOPLIST_KEY_UISupportedInterfaceOrientations_iPad = "UIInterfaceOrientationPortrait UIInterfaceOrientationPortraitUpsideDown UIInterfaceOrientationLandscapeLeft UIInterfaceOrientationLandscapeRight";
				INFOPLIST_KEY_UISupportedInterfaceOrientations_iPhone = "UIInterfaceOrientationPortrait UIInterfaceOrientationLandscapeLeft UIInterfaceOrientationLandscapeRight";
				LD_RUNPATH_SEARCH_PATHS = (
					"$(inherited)",
					"@executable_path/Frameworks",
				);
				MARKETING_VERSION = 1.0;
				PRODUCT_BUNDLE_IDENTIFIER = "com.Noodles.Twitter-Clone";
				PRODUCT_NAME = "$(TARGET_NAME)";
				SWIFT_EMIT_LOC_STRINGS = YES;
				SWIFT_VERSION = 5.0;
				TARGETED_DEVICE_FAMILY = "1,2";
			};
			name = Release;
		};
/* End XCBuildConfiguration section */

/* Begin XCConfigurationList section */
		20057E9E281FBD3B00CB0112 /* Build configuration list for PBXProject "Twitter_Clone" */ = {
			isa = XCConfigurationList;
			buildConfigurations = (
				20057EAF281FBD3E00CB0112 /* Debug */,
				20057EB0281FBD3E00CB0112 /* Release */,
			);
			defaultConfigurationIsVisible = 0;
			defaultConfigurationName = Release;
		};
		20057EB1281FBD3E00CB0112 /* Build configuration list for PBXNativeTarget "Twitter_Clone" */ = {
			isa = XCConfigurationList;
			buildConfigurations = (
				20057EB2281FBD3E00CB0112 /* Debug */,
				20057EB3281FBD3E00CB0112 /* Release */,
			);
			defaultConfigurationIsVisible = 0;
			defaultConfigurationName = Release;
		};
/* End XCConfigurationList section */
	};
	rootObject = 20057E9B281FBD3B00CB0112 /* Project object */;
}
